
Microsoft Visual Studio Solution File, Format Version 12.00
# Visual Studio 14
VisualStudioVersion = 14.0.25420.1
MinimumVisualStudioVersion = 10.0.40219.1
Project("{FAE04EC0-301F-11D3-BF4B-00C04F79EFBC}") = "TripLog.Droid", "TripLog\TripLog.Droid\TripLog.Droid.csproj", "{298F3331-B5AF-475E-9EF5-BD227FC688DA}"
	ProjectSection(ProjectDependencies) = postProject
		{A73C2BC6-59C1-4B9E-9874-EDA00F7D3503} = {A73C2BC6-59C1-4B9E-9874-EDA00F7D3503}
		{F0E56BE6-729F-4CCE-A6BA-9816DA203808} = {F0E56BE6-729F-4CCE-A6BA-9816DA203808}
	EndProjectSection
EndProject
Project("{FAE04EC0-301F-11D3-BF4B-00C04F79EFBC}") = "TripLog.iOS", "TripLog\TripLog.iOS\TripLog.iOS.csproj", "{C9D6F8D0-5423-454D-8670-7F9C8B637482}"
EndProject
Project("{FAE04EC0-301F-11D3-BF4B-00C04F79EFBC}") = "TripLog.WinPhone", "TripLog\TripLog.WinPhone\TripLog.WinPhone.csproj", "{A73C2BC6-59C1-4B9E-9874-EDA00F7D3503}"
EndProject
Project("{FAE04EC0-301F-11D3-BF4B-00C04F79EFBC}") = "TripLog.UWP", "TripLog\TripLog.UWP\TripLog.UWP.csproj", "{477C21FB-2673-4B5E-9DEA-82052481CB9D}"
EndProject
Project("{FAE04EC0-301F-11D3-BF4B-00C04F79EFBC}") = "TripLog.Windows", "TripLog\TripLog.Windows\TripLog.Windows.csproj", "{F0E56BE6-729F-4CCE-A6BA-9816DA203808}"
EndProject
Project("{FAE04EC0-301F-11D3-BF4B-00C04F79EFBC}") = "TripLog", "TripLog\TripLog\TripLog.csproj", "{EE6F1612-ED2A-441B-8E3C-D8617810BE40}"
EndProject
Global
	GlobalSection(SolutionConfigurationPlatforms) = preSolution
		Ad-Hoc|Any CPU = Ad-Hoc|Any CPU
		Ad-Hoc|ARM = Ad-Hoc|ARM
		Ad-Hoc|iPhone = Ad-Hoc|iPhone
		Ad-Hoc|iPhoneSimulator = Ad-Hoc|iPhoneSimulator
		Ad-Hoc|x64 = Ad-Hoc|x64
		Ad-Hoc|x86 = Ad-Hoc|x86
		AppStore|Any CPU = AppStore|Any CPU
		AppStore|ARM = AppStore|ARM
		AppStore|iPhone = AppStore|iPhone
		AppStore|iPhoneSimulator = AppStore|iPhoneSimulator
		AppStore|x64 = AppStore|x64
		AppStore|x86 = AppStore|x86
		Debug|Any CPU = Debug|Any CPU
		Debug|ARM = Debug|ARM
		Debug|iPhone = Debug|iPhone
		Debug|iPhoneSimulator = Debug|iPhoneSimulator
		Debug|x64 = Debug|x64
		Debug|x86 = Debug|x86
		Release|Any CPU = Release|Any CPU
		Release|ARM = Release|ARM
		Release|iPhone = Release|iPhone
		Release|iPhoneSimulator = Release|iPhoneSimulator
		Release|x64 = Release|x64
		Release|x86 = Release|x86
	EndGlobalSection
	GlobalSection(ProjectConfigurationPlatforms) = postSolution
		{298F3331-B5AF-475E-9EF5-BD227FC688DA}.Ad-Hoc|Any CPU.ActiveCfg = Release|Any CPU
		{298F3331-B5AF-475E-9EF5-BD227FC688DA}.Ad-Hoc|Any CPU.Build.0 = Release|Any CPU
		{298F3331-B5AF-475E-9EF5-BD227FC688DA}.Ad-Hoc|Any CPU.Deploy.0 = Release|Any CPU
		{298F3331-B5AF-475E-9EF5-BD227FC688DA}.Ad-Hoc|ARM.ActiveCfg = Release|Any CPU
		{298F3331-B5AF-475E-9EF5-BD227FC688DA}.Ad-Hoc|ARM.Build.0 = Release|Any CPU
		{298F3331-B5AF-475E-9EF5-BD227FC688DA}.Ad-Hoc|ARM.Deploy.0 = Release|Any CPU
		{298F3331-B5AF-475E-9EF5-BD227FC688DA}.Ad-Hoc|iPhone.ActiveCfg = Release|Any CPU
		{298F3331-B5AF-475E-9EF5-BD227FC688DA}.Ad-Hoc|iPhone.Build.0 = Release|Any CPU
		{298F3331-B5AF-475E-9EF5-BD227FC688DA}.Ad-Hoc|iPhone.Deploy.0 = Release|Any CPU
		{298F3331-B5AF-475E-9EF5-BD227FC688DA}.Ad-Hoc|iPhoneSimulator.ActiveCfg = Release|Any CPU
		{298F3331-B5AF-475E-9EF5-BD227FC688DA}.Ad-Hoc|iPhoneSimulator.Build.0 = Release|Any CPU
		{298F3331-B5AF-475E-9EF5-BD227FC688DA}.Ad-Hoc|iPhoneSimulator.Deploy.0 = Release|Any CPU
		{298F3331-B5AF-475E-9EF5-BD227FC688DA}.Ad-Hoc|x64.ActiveCfg = Release|Any CPU
		{298F3331-B5AF-475E-9EF5-BD227FC688DA}.Ad-Hoc|x64.Build.0 = Release|Any CPU
		{298F3331-B5AF-475E-9EF5-BD227FC688DA}.Ad-Hoc|x64.Deploy.0 = Release|Any CPU
		{298F3331-B5AF-475E-9EF5-BD227FC688DA}.Ad-Hoc|x86.ActiveCfg = Release|Any CPU
		{298F3331-B5AF-475E-9EF5-BD227FC688DA}.Ad-Hoc|x86.Build.0 = Release|Any CPU
		{298F3331-B5AF-475E-9EF5-BD227FC688DA}.Ad-Hoc|x86.Deploy.0 = Release|Any CPU
		{298F3331-B5AF-475E-9EF5-BD227FC688DA}.AppStore|Any CPU.ActiveCfg = Release|Any CPU
		{298F3331-B5AF-475E-9EF5-BD227FC688DA}.AppStore|Any CPU.Build.0 = Release|Any CPU
		{298F3331-B5AF-475E-9EF5-BD227FC688DA}.AppStore|Any CPU.Deploy.0 = Release|Any CPU
		{298F3331-B5AF-475E-9EF5-BD227FC688DA}.AppStore|ARM.ActiveCfg = Release|Any CPU
		{298F3331-B5AF-475E-9EF5-BD227FC688DA}.AppStore|ARM.Build.0 = Release|Any CPU
		{298F3331-B5AF-475E-9EF5-BD227FC688DA}.AppStore|ARM.Deploy.0 = Release|Any CPU
		{298F3331-B5AF-475E-9EF5-BD227FC688DA}.AppStore|iPhone.ActiveCfg = Release|Any CPU
		{298F3331-B5AF-475E-9EF5-BD227FC688DA}.AppStore|iPhone.Build.0 = Release|Any CPU
		{298F3331-B5AF-475E-9EF5-BD227FC688DA}.AppStore|iPhone.Deploy.0 = Release|Any CPU
		{298F3331-B5AF-475E-9EF5-BD227FC688DA}.AppStore|iPhoneSimulator.ActiveCfg = Release|Any CPU
		{298F3331-B5AF-475E-9EF5-BD227FC688DA}.AppStore|iPhoneSimulator.Build.0 = Release|Any CPU
		{298F3331-B5AF-475E-9EF5-BD227FC688DA}.AppStore|iPhoneSimulator.Deploy.0 = Release|Any CPU
		{298F3331-B5AF-475E-9EF5-BD227FC688DA}.AppStore|x64.ActiveCfg = Release|Any CPU
		{298F3331-B5AF-475E-9EF5-BD227FC688DA}.AppStore|x64.Build.0 = Release|Any CPU
		{298F3331-B5AF-475E-9EF5-BD227FC688DA}.AppStore|x64.Deploy.0 = Release|Any CPU
		{298F3331-B5AF-475E-9EF5-BD227FC688DA}.AppStore|x86.ActiveCfg = Release|Any CPU
		{298F3331-B5AF-475E-9EF5-BD227FC688DA}.AppStore|x86.Build.0 = Release|Any CPU
		{298F3331-B5AF-475E-9EF5-BD227FC688DA}.AppStore|x86.Deploy.0 = Release|Any CPU
		{298F3331-B5AF-475E-9EF5-BD227FC688DA}.Debug|Any CPU.ActiveCfg = Debug|Any CPU
		{298F3331-B5AF-475E-9EF5-BD227FC688DA}.Debug|Any CPU.Build.0 = Debug|Any CPU
		{298F3331-B5AF-475E-9EF5-BD227FC688DA}.Debug|Any CPU.Deploy.0 = Debug|Any CPU
		{298F3331-B5AF-475E-9EF5-BD227FC688DA}.Debug|ARM.ActiveCfg = Debug|Any CPU
		{298F3331-B5AF-475E-9EF5-BD227FC688DA}.Debug|ARM.Build.0 = Debug|Any CPU
		{298F3331-B5AF-475E-9EF5-BD227FC688DA}.Debug|ARM.Deploy.0 = Debug|Any CPU
		{298F3331-B5AF-475E-9EF5-BD227FC688DA}.Debug|iPhone.ActiveCfg = Debug|Any CPU
		{298F3331-B5AF-475E-9EF5-BD227FC688DA}.Debug|iPhone.Build.0 = Debug|Any CPU
		{298F3331-B5AF-475E-9EF5-BD227FC688DA}.Debug|iPhone.Deploy.0 = Debug|Any CPU
		{298F3331-B5AF-475E-9EF5-BD227FC688DA}.Debug|iPhoneSimulator.ActiveCfg = Debug|Any CPU
		{298F3331-B5AF-475E-9EF5-BD227FC688DA}.Debug|iPhoneSimulator.Build.0 = Debug|Any CPU
		{298F3331-B5AF-475E-9EF5-BD227FC688DA}.Debug|iPhoneSimulator.Deploy.0 = Debug|Any CPU
		{298F3331-B5AF-475E-9EF5-BD227FC688DA}.Debug|x64.ActiveCfg = Debug|Any CPU
		{298F3331-B5AF-475E-9EF5-BD227FC688DA}.Debug|x64.Build.0 = Debug|Any CPU
		{298F3331-B5AF-475E-9EF5-BD227FC688DA}.Debug|x64.Deploy.0 = Debug|Any CPU
		{298F3331-B5AF-475E-9EF5-BD227FC688DA}.Debug|x86.ActiveCfg = Debug|Any CPU
		{298F3331-B5AF-475E-9EF5-BD227FC688DA}.Debug|x86.Build.0 = Debug|Any CPU
		{298F3331-B5AF-475E-9EF5-BD227FC688DA}.Debug|x86.Deploy.0 = Debug|Any CPU
		{298F3331-B5AF-475E-9EF5-BD227FC688DA}.Release|Any CPU.ActiveCfg = Release|Any CPU
		{298F3331-B5AF-475E-9EF5-BD227FC688DA}.Release|Any CPU.Build.0 = Release|Any CPU
		{298F3331-B5AF-475E-9EF5-BD227FC688DA}.Release|Any CPU.Deploy.0 = Release|Any CPU
		{298F3331-B5AF-475E-9EF5-BD227FC688DA}.Release|ARM.ActiveCfg = Release|Any CPU
		{298F3331-B5AF-475E-9EF5-BD227FC688DA}.Release|ARM.Build.0 = Release|Any CPU
		{298F3331-B5AF-475E-9EF5-BD227FC688DA}.Release|ARM.Deploy.0 = Release|Any CPU
		{298F3331-B5AF-475E-9EF5-BD227FC688DA}.Release|iPhone.ActiveCfg = Release|Any CPU
		{298F3331-B5AF-475E-9EF5-BD227FC688DA}.Release|iPhone.Build.0 = Release|Any CPU
		{298F3331-B5AF-475E-9EF5-BD227FC688DA}.Release|iPhone.Deploy.0 = Release|Any CPU
		{298F3331-B5AF-475E-9EF5-BD227FC688DA}.Release|iPhoneSimulator.ActiveCfg = Release|Any CPU
		{298F3331-B5AF-475E-9EF5-BD227FC688DA}.Release|iPhoneSimulator.Build.0 = Release|Any CPU
		{298F3331-B5AF-475E-9EF5-BD227FC688DA}.Release|iPhoneSimulator.Deploy.0 = Release|Any CPU
		{298F3331-B5AF-475E-9EF5-BD227FC688DA}.Release|x64.ActiveCfg = Release|Any CPU
		{298F3331-B5AF-475E-9EF5-BD227FC688DA}.Release|x64.Build.0 = Release|Any CPU
		{298F3331-B5AF-475E-9EF5-BD227FC688DA}.Release|x64.Deploy.0 = Release|Any CPU
		{298F3331-B5AF-475E-9EF5-BD227FC688DA}.Release|x86.ActiveCfg = Release|Any CPU
		{298F3331-B5AF-475E-9EF5-BD227FC688DA}.Release|x86.Build.0 = Release|Any CPU
		{298F3331-B5AF-475E-9EF5-BD227FC688DA}.Release|x86.Deploy.0 = Release|Any CPU
		{C9D6F8D0-5423-454D-8670-7F9C8B637482}.Ad-Hoc|Any CPU.ActiveCfg = Ad-Hoc|iPhone
		{C9D6F8D0-5423-454D-8670-7F9C8B637482}.Ad-Hoc|ARM.ActiveCfg = Ad-Hoc|iPhone
		{C9D6F8D0-5423-454D-8670-7F9C8B637482}.Ad-Hoc|iPhone.ActiveCfg = Ad-Hoc|iPhone
		{C9D6F8D0-5423-454D-8670-7F9C8B637482}.Ad-Hoc|iPhone.Build.0 = Ad-Hoc|iPhone
		{C9D6F8D0-5423-454D-8670-7F9C8B637482}.Ad-Hoc|iPhoneSimulator.ActiveCfg = Ad-Hoc|iPhoneSimulator
		{C9D6F8D0-5423-454D-8670-7F9C8B637482}.Ad-Hoc|iPhoneSimulator.Build.0 = Ad-Hoc|iPhoneSimulator
		{C9D6F8D0-5423-454D-8670-7F9C8B637482}.Ad-Hoc|x64.ActiveCfg = Ad-Hoc|iPhone
		{C9D6F8D0-5423-454D-8670-7F9C8B637482}.Ad-Hoc|x86.ActiveCfg = Ad-Hoc|iPhone
		{C9D6F8D0-5423-454D-8670-7F9C8B637482}.AppStore|Any CPU.ActiveCfg = AppStore|iPhone
		{C9D6F8D0-5423-454D-8670-7F9C8B637482}.AppStore|ARM.ActiveCfg = AppStore|iPhone
		{C9D6F8D0-5423-454D-8670-7F9C8B637482}.AppStore|iPhone.ActiveCfg = AppStore|iPhone
		{C9D6F8D0-5423-454D-8670-7F9C8B637482}.AppStore|iPhone.Build.0 = AppStore|iPhone
		{C9D6F8D0-5423-454D-8670-7F9C8B637482}.AppStore|iPhoneSimulator.ActiveCfg = AppStore|iPhoneSimulator
		{C9D6F8D0-5423-454D-8670-7F9C8B637482}.AppStore|iPhoneSimulator.Build.0 = AppStore|iPhoneSimulator
		{C9D6F8D0-5423-454D-8670-7F9C8B637482}.AppStore|x64.ActiveCfg = AppStore|iPhone
		{C9D6F8D0-5423-454D-8670-7F9C8B637482}.AppStore|x86.ActiveCfg = AppStore|iPhone
		{C9D6F8D0-5423-454D-8670-7F9C8B637482}.Debug|Any CPU.ActiveCfg = Debug|iPhone
		{C9D6F8D0-5423-454D-8670-7F9C8B637482}.Debug|ARM.ActiveCfg = Debug|iPhone
		{C9D6F8D0-5423-454D-8670-7F9C8B637482}.Debug|iPhone.ActiveCfg = Debug|iPhone
		{C9D6F8D0-5423-454D-8670-7F9C8B637482}.Debug|iPhone.Build.0 = Debug|iPhone
		{C9D6F8D0-5423-454D-8670-7F9C8B637482}.Debug|iPhoneSimulator.ActiveCfg = Debug|iPhoneSimulator
		{C9D6F8D0-5423-454D-8670-7F9C8B637482}.Debug|iPhoneSimulator.Build.0 = Debug|iPhoneSimulator
		{C9D6F8D0-5423-454D-8670-7F9C8B637482}.Debug|x64.ActiveCfg = Debug|iPhone
		{C9D6F8D0-5423-454D-8670-7F9C8B637482}.Debug|x86.ActiveCfg = Debug|iPhone
		{C9D6F8D0-5423-454D-8670-7F9C8B637482}.Release|Any CPU.ActiveCfg = Release|iPhone
		{C9D6F8D0-5423-454D-8670-7F9C8B637482}.Release|ARM.ActiveCfg = Release|iPhone
		{C9D6F8D0-5423-454D-8670-7F9C8B637482}.Release|iPhone.ActiveCfg = Release|iPhone
		{C9D6F8D0-5423-454D-8670-7F9C8B637482}.Release|iPhone.Build.0 = Release|iPhone
		{C9D6F8D0-5423-454D-8670-7F9C8B637482}.Release|iPhoneSimulator.ActiveCfg = Release|iPhoneSimulator
		{C9D6F8D0-5423-454D-8670-7F9C8B637482}.Release|iPhoneSimulator.Build.0 = Release|iPhoneSimulator
		{C9D6F8D0-5423-454D-8670-7F9C8B637482}.Release|x64.ActiveCfg = Release|iPhone
		{C9D6F8D0-5423-454D-8670-7F9C8B637482}.Release|x86.ActiveCfg = Release|iPhone
		{A73C2BC6-59C1-4B9E-9874-EDA00F7D3503}.Ad-Hoc|Any CPU.ActiveCfg = Release|Any CPU
		{A73C2BC6-59C1-4B9E-9874-EDA00F7D3503}.Ad-Hoc|Any CPU.Build.0 = Release|Any CPU
		{A73C2BC6-59C1-4B9E-9874-EDA00F7D3503}.Ad-Hoc|Any CPU.Deploy.0 = Release|Any CPU
		{A73C2BC6-59C1-4B9E-9874-EDA00F7D3503}.Ad-Hoc|ARM.ActiveCfg = Release|ARM
		{A73C2BC6-59C1-4B9E-9874-EDA00F7D3503}.Ad-Hoc|ARM.Build.0 = Release|ARM
		{A73C2BC6-59C1-4B9E-9874-EDA00F7D3503}.Ad-Hoc|ARM.Deploy.0 = Release|ARM
		{A73C2BC6-59C1-4B9E-9874-EDA00F7D3503}.Ad-Hoc|iPhone.ActiveCfg = Release|Any CPU
		{A73C2BC6-59C1-4B9E-9874-EDA00F7D3503}.Ad-Hoc|iPhone.Build.0 = Release|Any CPU
		{A73C2BC6-59C1-4B9E-9874-EDA00F7D3503}.Ad-Hoc|iPhone.Deploy.0 = Release|Any CPU
		{A73C2BC6-59C1-4B9E-9874-EDA00F7D3503}.Ad-Hoc|iPhoneSimulator.ActiveCfg = Release|Any CPU
		{A73C2BC6-59C1-4B9E-9874-EDA00F7D3503}.Ad-Hoc|iPhoneSimulator.Build.0 = Release|Any CPU
		{A73C2BC6-59C1-4B9E-9874-EDA00F7D3503}.Ad-Hoc|iPhoneSimulator.Deploy.0 = Release|Any CPU
		{A73C2BC6-59C1-4B9E-9874-EDA00F7D3503}.Ad-Hoc|x64.ActiveCfg = Release|Any CPU
		{A73C2BC6-59C1-4B9E-9874-EDA00F7D3503}.Ad-Hoc|x64.Build.0 = Release|Any CPU
		{A73C2BC6-59C1-4B9E-9874-EDA00F7D3503}.Ad-Hoc|x64.Deploy.0 = Release|Any CPU
		{A73C2BC6-59C1-4B9E-9874-EDA00F7D3503}.Ad-Hoc|x86.ActiveCfg = Release|x86
		{A73C2BC6-59C1-4B9E-9874-EDA00F7D3503}.Ad-Hoc|x86.Build.0 = Release|x86
		{A73C2BC6-59C1-4B9E-9874-EDA00F7D3503}.Ad-Hoc|x86.Deploy.0 = Release|x86
		{A73C2BC6-59C1-4B9E-9874-EDA00F7D3503}.AppStore|Any CPU.ActiveCfg = Release|Any CPU
		{A73C2BC6-59C1-4B9E-9874-EDA00F7D3503}.AppStore|Any CPU.Build.0 = Release|Any CPU
		{A73C2BC6-59C1-4B9E-9874-EDA00F7D3503}.AppStore|Any CPU.Deploy.0 = Release|Any CPU
		{A73C2BC6-59C1-4B9E-9874-EDA00F7D3503}.AppStore|ARM.ActiveCfg = Release|ARM
		{A73C2BC6-59C1-4B9E-9874-EDA00F7D3503}.AppStore|ARM.Build.0 = Release|ARM
		{A73C2BC6-59C1-4B9E-9874-EDA00F7D3503}.AppStore|ARM.Deploy.0 = Release|ARM
		{A73C2BC6-59C1-4B9E-9874-EDA00F7D3503}.AppStore|iPhone.ActiveCfg = Release|Any CPU
		{A73C2BC6-59C1-4B9E-9874-EDA00F7D3503}.AppStore|iPhone.Build.0 = Release|Any CPU
		{A73C2BC6-59C1-4B9E-9874-EDA00F7D3503}.AppStore|iPhone.Deploy.0 = Release|Any CPU
		{A73C2BC6-59C1-4B9E-9874-EDA00F7D3503}.AppStore|iPhoneSimulator.ActiveCfg = Release|Any CPU
		{A73C2BC6-59C1-4B9E-9874-EDA00F7D3503}.AppStore|iPhoneSimulator.Build.0 = Release|Any CPU
		{A73C2BC6-59C1-4B9E-9874-EDA00F7D3503}.AppStore|iPhoneSimulator.Deploy.0 = Release|Any CPU
		{A73C2BC6-59C1-4B9E-9874-EDA00F7D3503}.AppStore|x64.ActiveCfg = Release|Any CPU
		{A73C2BC6-59C1-4B9E-9874-EDA00F7D3503}.AppStore|x64.Build.0 = Release|Any CPU
		{A73C2BC6-59C1-4B9E-9874-EDA00F7D3503}.AppStore|x64.Deploy.0 = Release|Any CPU
		{A73C2BC6-59C1-4B9E-9874-EDA00F7D3503}.AppStore|x86.ActiveCfg = Release|x86
		{A73C2BC6-59C1-4B9E-9874-EDA00F7D3503}.AppStore|x86.Build.0 = Release|x86
		{A73C2BC6-59C1-4B9E-9874-EDA00F7D3503}.AppStore|x86.Deploy.0 = Release|x86
		{A73C2BC6-59C1-4B9E-9874-EDA00F7D3503}.Debug|Any CPU.ActiveCfg = Debug|Any CPU
		{A73C2BC6-59C1-4B9E-9874-EDA00F7D3503}.Debug|Any CPU.Build.0 = Debug|Any CPU
		{A73C2BC6-59C1-4B9E-9874-EDA00F7D3503}.Debug|Any CPU.Deploy.0 = Debug|Any CPU
		{A73C2BC6-59C1-4B9E-9874-EDA00F7D3503}.Debug|ARM.ActiveCfg = Debug|ARM
		{A73C2BC6-59C1-4B9E-9874-EDA00F7D3503}.Debug|ARM.Build.0 = Debug|ARM
		{A73C2BC6-59C1-4B9E-9874-EDA00F7D3503}.Debug|ARM.Deploy.0 = Debug|ARM
		{A73C2BC6-59C1-4B9E-9874-EDA00F7D3503}.Debug|iPhone.ActiveCfg = Debug|Any CPU
		{A73C2BC6-59C1-4B9E-9874-EDA00F7D3503}.Debug|iPhone.Build.0 = Debug|Any CPU
		{A73C2BC6-59C1-4B9E-9874-EDA00F7D3503}.Debug|iPhone.Deploy.0 = Debug|Any CPU
		{A73C2BC6-59C1-4B9E-9874-EDA00F7D3503}.Debug|iPhoneSimulator.ActiveCfg = Debug|Any CPU
		{A73C2BC6-59C1-4B9E-9874-EDA00F7D3503}.Debug|iPhoneSimulator.Build.0 = Debug|Any CPU
		{A73C2BC6-59C1-4B9E-9874-EDA00F7D3503}.Debug|iPhoneSimulator.Deploy.0 = Debug|Any CPU
		{A73C2BC6-59C1-4B9E-9874-EDA00F7D3503}.Debug|x64.ActiveCfg = Debug|Any CPU
		{A73C2BC6-59C1-4B9E-9874-EDA00F7D3503}.Debug|x64.Build.0 = Debug|Any CPU
		{A73C2BC6-59C1-4B9E-9874-EDA00F7D3503}.Debug|x64.Deploy.0 = Debug|Any CPU
		{A73C2BC6-59C1-4B9E-9874-EDA00F7D3503}.Debug|x86.ActiveCfg = Debug|x86
		{A73C2BC6-59C1-4B9E-9874-EDA00F7D3503}.Debug|x86.Build.0 = Debug|x86
		{A73C2BC6-59C1-4B9E-9874-EDA00F7D3503}.Debug|x86.Deploy.0 = Debug|x86
		{A73C2BC6-59C1-4B9E-9874-EDA00F7D3503}.Release|Any CPU.ActiveCfg = Release|Any CPU
		{A73C2BC6-59C1-4B9E-9874-EDA00F7D3503}.Release|Any CPU.Build.0 = Release|Any CPU
		{A73C2BC6-59C1-4B9E-9874-EDA00F7D3503}.Release|Any CPU.Deploy.0 = Release|Any CPU
		{A73C2BC6-59C1-4B9E-9874-EDA00F7D3503}.Release|ARM.ActiveCfg = Release|ARM
		{A73C2BC6-59C1-4B9E-9874-EDA00F7D3503}.Release|ARM.Build.0 = Release|ARM
		{A73C2BC6-59C1-4B9E-9874-EDA00F7D3503}.Release|ARM.Deploy.0 = Release|ARM
		{A73C2BC6-59C1-4B9E-9874-EDA00F7D3503}.Release|iPhone.ActiveCfg = Release|Any CPU
		{A73C2BC6-59C1-4B9E-9874-EDA00F7D3503}.Release|iPhone.Build.0 = Release|Any CPU
		{A73C2BC6-59C1-4B9E-9874-EDA00F7D3503}.Release|iPhone.Deploy.0 = Release|Any CPU
		{A73C2BC6-59C1-4B9E-9874-EDA00F7D3503}.Release|iPhoneSimulator.ActiveCfg = Release|Any CPU
		{A73C2BC6-59C1-4B9E-9874-EDA00F7D3503}.Release|iPhoneSimulator.Build.0 = Release|Any CPU
		{A73C2BC6-59C1-4B9E-9874-EDA00F7D3503}.Release|iPhoneSimulator.Deploy.0 = Release|Any CPU
		{A73C2BC6-59C1-4B9E-9874-EDA00F7D3503}.Release|x64.ActiveCfg = Release|Any CPU
		{A73C2BC6-59C1-4B9E-9874-EDA00F7D3503}.Release|x64.Build.0 = Release|Any CPU
		{A73C2BC6-59C1-4B9E-9874-EDA00F7D3503}.Release|x64.Deploy.0 = Release|Any CPU
		{A73C2BC6-59C1-4B9E-9874-EDA00F7D3503}.Release|x86.ActiveCfg = Release|x86
		{A73C2BC6-59C1-4B9E-9874-EDA00F7D3503}.Release|x86.Build.0 = Release|x86
		{A73C2BC6-59C1-4B9E-9874-EDA00F7D3503}.Release|x86.Deploy.0 = Release|x86
		{477C21FB-2673-4B5E-9DEA-82052481CB9D}.Ad-Hoc|Any CPU.ActiveCfg = Release|x86
		{477C21FB-2673-4B5E-9DEA-82052481CB9D}.Ad-Hoc|Any CPU.Build.0 = Release|x86
		{477C21FB-2673-4B5E-9DEA-82052481CB9D}.Ad-Hoc|Any CPU.Deploy.0 = Release|x86
		{477C21FB-2673-4B5E-9DEA-82052481CB9D}.Ad-Hoc|ARM.ActiveCfg = Release|ARM
		{477C21FB-2673-4B5E-9DEA-82052481CB9D}.Ad-Hoc|ARM.Build.0 = Release|ARM
		{477C21FB-2673-4B5E-9DEA-82052481CB9D}.Ad-Hoc|ARM.Deploy.0 = Release|ARM
		{477C21FB-2673-4B5E-9DEA-82052481CB9D}.Ad-Hoc|iPhone.ActiveCfg = Release|x86
		{477C21FB-2673-4B5E-9DEA-82052481CB9D}.Ad-Hoc|iPhone.Build.0 = Release|x86
		{477C21FB-2673-4B5E-9DEA-82052481CB9D}.Ad-Hoc|iPhone.Deploy.0 = Release|x86
		{477C21FB-2673-4B5E-9DEA-82052481CB9D}.Ad-Hoc|iPhoneSimulator.ActiveCfg = Release|x86
		{477C21FB-2673-4B5E-9DEA-82052481CB9D}.Ad-Hoc|iPhoneSimulator.Build.0 = Release|x86
		{477C21FB-2673-4B5E-9DEA-82052481CB9D}.Ad-Hoc|iPhoneSimulator.Deploy.0 = Release|x86
		{477C21FB-2673-4B5E-9DEA-82052481CB9D}.Ad-Hoc|x64.ActiveCfg = Release|x64
		{477C21FB-2673-4B5E-9DEA-82052481CB9D}.Ad-Hoc|x64.Build.0 = Release|x64
		{477C21FB-2673-4B5E-9DEA-82052481CB9D}.Ad-Hoc|x64.Deploy.0 = Release|x64
		{477C21FB-2673-4B5E-9DEA-82052481CB9D}.Ad-Hoc|x86.ActiveCfg = Release|x86
		{477C21FB-2673-4B5E-9DEA-82052481CB9D}.Ad-Hoc|x86.Build.0 = Release|x86
		{477C21FB-2673-4B5E-9DEA-82052481CB9D}.Ad-Hoc|x86.Deploy.0 = Release|x86
		{477C21FB-2673-4B5E-9DEA-82052481CB9D}.AppStore|Any CPU.ActiveCfg = Release|x86
		{477C21FB-2673-4B5E-9DEA-82052481CB9D}.AppStore|Any CPU.Build.0 = Release|x86
		{477C21FB-2673-4B5E-9DEA-82052481CB9D}.AppStore|Any CPU.Deploy.0 = Release|x86
		{477C21FB-2673-4B5E-9DEA-82052481CB9D}.AppStore|ARM.ActiveCfg = Release|ARM
		{477C21FB-2673-4B5E-9DEA-82052481CB9D}.AppStore|ARM.Build.0 = Release|ARM
		{477C21FB-2673-4B5E-9DEA-82052481CB9D}.AppStore|ARM.Deploy.0 = Release|ARM
		{477C21FB-2673-4B5E-9DEA-82052481CB9D}.AppStore|iPhone.ActiveCfg = Release|x86
		{477C21FB-2673-4B5E-9DEA-82052481CB9D}.AppStore|iPhone.Build.0 = Release|x86
		{477C21FB-2673-4B5E-9DEA-82052481CB9D}.AppStore|iPhone.Deploy.0 = Release|x86
		{477C21FB-2673-4B5E-9DEA-82052481CB9D}.AppStore|iPhoneSimulator.ActiveCfg = Release|x86
		{477C21FB-2673-4B5E-9DEA-82052481CB9D}.AppStore|iPhoneSimulator.Build.0 = Release|x86
		{477C21FB-2673-4B5E-9DEA-82052481CB9D}.AppStore|iPhoneSimulator.Deploy.0 = Release|x86
		{477C21FB-2673-4B5E-9DEA-82052481CB9D}.AppStore|x64.ActiveCfg = Release|x64
		{477C21FB-2673-4B5E-9DEA-82052481CB9D}.AppStore|x64.Build.0 = Release|x64
		{477C21FB-2673-4B5E-9DEA-82052481CB9D}.AppStore|x64.Deploy.0 = Release|x64
		{477C21FB-2673-4B5E-9DEA-82052481CB9D}.AppStore|x86.ActiveCfg = Release|x86
		{477C21FB-2673-4B5E-9DEA-82052481CB9D}.AppStore|x86.Build.0 = Release|x86
		{477C21FB-2673-4B5E-9DEA-82052481CB9D}.AppStore|x86.Deploy.0 = Release|x86
		{477C21FB-2673-4B5E-9DEA-82052481CB9D}.Debug|Any CPU.ActiveCfg = Debug|x86
		{477C21FB-2673-4B5E-9DEA-82052481CB9D}.Debug|ARM.ActiveCfg = Debug|ARM
		{477C21FB-2673-4B5E-9DEA-82052481CB9D}.Debug|ARM.Build.0 = Debug|ARM
		{477C21FB-2673-4B5E-9DEA-82052481CB9D}.Debug|ARM.Deploy.0 = Debug|ARM
		{477C21FB-2673-4B5E-9DEA-82052481CB9D}.Debug|iPhone.ActiveCfg = Debug|x86
		{477C21FB-2673-4B5E-9DEA-82052481CB9D}.Debug|iPhoneSimulator.ActiveCfg = Debug|x86
		{477C21FB-2673-4B5E-9DEA-82052481CB9D}.Debug|x64.ActiveCfg = Debug|x64
		{477C21FB-2673-4B5E-9DEA-82052481CB9D}.Debug|x64.Build.0 = Debug|x64
		{477C21FB-2673-4B5E-9DEA-82052481CB9D}.Debug|x64.Deploy.0 = Debug|x64
		{477C21FB-2673-4B5E-9DEA-82052481CB9D}.Debug|x86.ActiveCfg = Debug|x86
		{477C21FB-2673-4B5E-9DEA-82052481CB9D}.Debug|x86.Build.0 = Debug|x86
		{477C21FB-2673-4B5E-9DEA-82052481CB9D}.Debug|x86.Deploy.0 = Debug|x86
		{477C21FB-2673-4B5E-9DEA-82052481CB9D}.Release|Any CPU.ActiveCfg = Release|x86
		{477C21FB-2673-4B5E-9DEA-82052481CB9D}.Release|ARM.ActiveCfg = Release|ARM
		{477C21FB-2673-4B5E-9DEA-82052481CB9D}.Release|ARM.Build.0 = Release|ARM
		{477C21FB-2673-4B5E-9DEA-82052481CB9D}.Release|ARM.Deploy.0 = Release|ARM
		{477C21FB-2673-4B5E-9DEA-82052481CB9D}.Release|iPhone.ActiveCfg = Release|x86
		{477C21FB-2673-4B5E-9DEA-82052481CB9D}.Release|iPhoneSimulator.ActiveCfg = Release|x86
		{477C21FB-2673-4B5E-9DEA-82052481CB9D}.Release|x64.ActiveCfg = Release|x64
		{477C21FB-2673-4B5E-9DEA-82052481CB9D}.Release|x64.Build.0 = Release|x64
		{477C21FB-2673-4B5E-9DEA-82052481CB9D}.Release|x64.Deploy.0 = Release|x64
		{477C21FB-2673-4B5E-9DEA-82052481CB9D}.Release|x86.ActiveCfg = Release|x86
		{477C21FB-2673-4B5E-9DEA-82052481CB9D}.Release|x86.Build.0 = Release|x86
		{477C21FB-2673-4B5E-9DEA-82052481CB9D}.Release|x86.Deploy.0 = Release|x86
		{F0E56BE6-729F-4CCE-A6BA-9816DA203808}.Ad-Hoc|Any CPU.ActiveCfg = Release|Any CPU
		{F0E56BE6-729F-4CCE-A6BA-9816DA203808}.Ad-Hoc|Any CPU.Build.0 = Release|Any CPU
		{F0E56BE6-729F-4CCE-A6BA-9816DA203808}.Ad-Hoc|Any CPU.Deploy.0 = Release|Any CPU
		{F0E56BE6-729F-4CCE-A6BA-9816DA203808}.Ad-Hoc|ARM.ActiveCfg = Release|ARM
		{F0E56BE6-729F-4CCE-A6BA-9816DA203808}.Ad-Hoc|ARM.Build.0 = Release|ARM
		{F0E56BE6-729F-4CCE-A6BA-9816DA203808}.Ad-Hoc|ARM.Deploy.0 = Release|ARM
		{F0E56BE6-729F-4CCE-A6BA-9816DA203808}.Ad-Hoc|iPhone.ActiveCfg = Release|Any CPU
		{F0E56BE6-729F-4CCE-A6BA-9816DA203808}.Ad-Hoc|iPhone.Build.0 = Release|Any CPU
		{F0E56BE6-729F-4CCE-A6BA-9816DA203808}.Ad-Hoc|iPhone.Deploy.0 = Release|Any CPU
		{F0E56BE6-729F-4CCE-A6BA-9816DA203808}.Ad-Hoc|iPhoneSimulator.ActiveCfg = Release|Any CPU
		{F0E56BE6-729F-4CCE-A6BA-9816DA203808}.Ad-Hoc|iPhoneSimulator.Build.0 = Release|Any CPU
		{F0E56BE6-729F-4CCE-A6BA-9816DA203808}.Ad-Hoc|iPhoneSimulator.Deploy.0 = Release|Any CPU
		{F0E56BE6-729F-4CCE-A6BA-9816DA203808}.Ad-Hoc|x64.ActiveCfg = Release|x64
		{F0E56BE6-729F-4CCE-A6BA-9816DA203808}.Ad-Hoc|x64.Build.0 = Release|x64
		{F0E56BE6-729F-4CCE-A6BA-9816DA203808}.Ad-Hoc|x64.Deploy.0 = Release|x64
		{F0E56BE6-729F-4CCE-A6BA-9816DA203808}.Ad-Hoc|x86.ActiveCfg = Release|x86
		{F0E56BE6-729F-4CCE-A6BA-9816DA203808}.Ad-Hoc|x86.Build.0 = Release|x86
		{F0E56BE6-729F-4CCE-A6BA-9816DA203808}.Ad-Hoc|x86.Deploy.0 = Release|x86
		{F0E56BE6-729F-4CCE-A6BA-9816DA203808}.AppStore|Any CPU.ActiveCfg = Release|Any CPU
		{F0E56BE6-729F-4CCE-A6BA-9816DA203808}.AppStore|Any CPU.Build.0 = Release|Any CPU
		{F0E56BE6-729F-4CCE-A6BA-9816DA203808}.AppStore|Any CPU.Deploy.0 = Release|Any CPU
		{F0E56BE6-729F-4CCE-A6BA-9816DA203808}.AppStore|ARM.ActiveCfg = Release|ARM
		{F0E56BE6-729F-4CCE-A6BA-9816DA203808}.AppStore|ARM.Build.0 = Release|ARM
		{F0E56BE6-729F-4CCE-A6BA-9816DA203808}.AppStore|ARM.Deploy.0 = Release|ARM
		{F0E56BE6-729F-4CCE-A6BA-9816DA203808}.AppStore|iPhone.ActiveCfg = Release|Any CPU
		{F0E56BE6-729F-4CCE-A6BA-9816DA203808}.AppStore|iPhone.Build.0 = Release|Any CPU
		{F0E56BE6-729F-4CCE-A6BA-9816DA203808}.AppStore|iPhone.Deploy.0 = Release|Any CPU
		{F0E56BE6-729F-4CCE-A6BA-9816DA203808}.AppStore|iPhoneSimulator.ActiveCfg = Release|Any CPU
		{F0E56BE6-729F-4CCE-A6BA-9816DA203808}.AppStore|iPhoneSimulator.Build.0 = Release|Any CPU
		{F0E56BE6-729F-4CCE-A6BA-9816DA203808}.AppStore|iPhoneSimulator.Deploy.0 = Release|Any CPU
		{F0E56BE6-729F-4CCE-A6BA-9816DA203808}.AppStore|x64.ActiveCfg = Release|x64
		{F0E56BE6-729F-4CCE-A6BA-9816DA203808}.AppStore|x64.Build.0 = Release|x64
		{F0E56BE6-729F-4CCE-A6BA-9816DA203808}.AppStore|x64.Deploy.0 = Release|x64
		{F0E56BE6-729F-4CCE-A6BA-9816DA203808}.AppStore|x86.ActiveCfg = Release|x86
		{F0E56BE6-729F-4CCE-A6BA-9816DA203808}.AppStore|x86.Build.0 = Release|x86
		{F0E56BE6-729F-4CCE-A6BA-9816DA203808}.AppStore|x86.Deploy.0 = Release|x86
		{F0E56BE6-729F-4CCE-A6BA-9816DA203808}.Debug|Any CPU.ActiveCfg = Debug|Any CPU
		{F0E56BE6-729F-4CCE-A6BA-9816DA203808}.Debug|Any CPU.Build.0 = Debug|Any CPU
		{F0E56BE6-729F-4CCE-A6BA-9816DA203808}.Debug|Any CPU.Deploy.0 = Debug|Any CPU
		{F0E56BE6-729F-4CCE-A6BA-9816DA203808}.Debug|ARM.ActiveCfg = Debug|ARM
		{F0E56BE6-729F-4CCE-A6BA-9816DA203808}.Debug|ARM.Build.0 = Debug|ARM
		{F0E56BE6-729F-4CCE-A6BA-9816DA203808}.Debug|ARM.Deploy.0 = Debug|ARM
		{F0E56BE6-729F-4CCE-A6BA-9816DA203808}.Debug|iPhone.ActiveCfg = Debug|Any CPU
		{F0E56BE6-729F-4CCE-A6BA-9816DA203808}.Debug|iPhone.Build.0 = Debug|Any CPU
		{F0E56BE6-729F-4CCE-A6BA-9816DA203808}.Debug|iPhone.Deploy.0 = Debug|Any CPU
		{F0E56BE6-729F-4CCE-A6BA-9816DA203808}.Debug|iPhoneSimulator.ActiveCfg = Debug|Any CPU
		{F0E56BE6-729F-4CCE-A6BA-9816DA203808}.Debug|iPhoneSimulator.Build.0 = Debug|Any CPU
		{F0E56BE6-729F-4CCE-A6BA-9816DA203808}.Debug|iPhoneSimulator.Deploy.0 = Debug|Any CPU
		{F0E56BE6-729F-4CCE-A6BA-9816DA203808}.Debug|x64.ActiveCfg = Debug|x64
		{F0E56BE6-729F-4CCE-A6BA-9816DA203808}.Debug|x64.Build.0 = Debug|x64
		{F0E56BE6-729F-4CCE-A6BA-9816DA203808}.Debug|x64.Deploy.0 = Debug|x64
		{F0E56BE6-729F-4CCE-A6BA-9816DA203808}.Debug|x86.ActiveCfg = Debug|x86
		{F0E56BE6-729F-4CCE-A6BA-9816DA203808}.Debug|x86.Build.0 = Debug|x86
		{F0E56BE6-729F-4CCE-A6BA-9816DA203808}.Debug|x86.Deploy.0 = Debug|x86
		{F0E56BE6-729F-4CCE-A6BA-9816DA203808}.Release|Any CPU.ActiveCfg = Release|Any CPU
		{F0E56BE6-729F-4CCE-A6BA-9816DA203808}.Release|Any CPU.Build.0 = Release|Any CPU
		{F0E56BE6-729F-4CCE-A6BA-9816DA203808}.Release|Any CPU.Deploy.0 = Release|Any CPU
		{F0E56BE6-729F-4CCE-A6BA-9816DA203808}.Release|ARM.ActiveCfg = Release|ARM
		{F0E56BE6-729F-4CCE-A6BA-9816DA203808}.Release|ARM.Build.0 = Release|ARM
		{F0E56BE6-729F-4CCE-A6BA-9816DA203808}.Release|ARM.Deploy.0 = Release|ARM
		{F0E56BE6-729F-4CCE-A6BA-9816DA203808}.Release|iPhone.ActiveCfg = Release|Any CPU
		{F0E56BE6-729F-4CCE-A6BA-9816DA203808}.Release|iPhone.Build.0 = Release|Any CPU
		{F0E56BE6-729F-4CCE-A6BA-9816DA203808}.Release|iPhone.Deploy.0 = Release|Any CPU
		{F0E56BE6-729F-4CCE-A6BA-9816DA203808}.Release|iPhoneSimulator.ActiveCfg = Release|Any CPU
		{F0E56BE6-729F-4CCE-A6BA-9816DA203808}.Release|iPhoneSimulator.Build.0 = Release|Any CPU
		{F0E56BE6-729F-4CCE-A6BA-9816DA203808}.Release|iPhoneSimulator.Deploy.0 = Release|Any CPU
		{F0E56BE6-729F-4CCE-A6BA-9816DA203808}.Release|x64.ActiveCfg = Release|x64
		{F0E56BE6-729F-4CCE-A6BA-9816DA203808}.Release|x64.Build.0 = Release|x64
		{F0E56BE6-729F-4CCE-A6BA-9816DA203808}.Release|x64.Deploy.0 = Release|x64
		{F0E56BE6-729F-4CCE-A6BA-9816DA203808}.Release|x86.ActiveCfg = Release|x86
		{F0E56BE6-729F-4CCE-A6BA-9816DA203808}.Release|x86.Build.0 = Release|x86
		{F0E56BE6-729F-4CCE-A6BA-9816DA203808}.Release|x86.Deploy.0 = Release|x86
		{EE6F1612-ED2A-441B-8E3C-D8617810BE40}.Ad-Hoc|Any CPU.ActiveCfg = Release|Any CPU
		{EE6F1612-ED2A-441B-8E3C-D8617810BE40}.Ad-Hoc|Any CPU.Build.0 = Release|Any CPU
		{EE6F1612-ED2A-441B-8E3C-D8617810BE40}.Ad-Hoc|ARM.ActiveCfg = Release|Any CPU
		{EE6F1612-ED2A-441B-8E3C-D8617810BE40}.Ad-Hoc|ARM.Build.0 = Release|Any CPU
		{EE6F1612-ED2A-441B-8E3C-D8617810BE40}.Ad-Hoc|iPhone.ActiveCfg = Release|Any CPU
		{EE6F1612-ED2A-441B-8E3C-D8617810BE40}.Ad-Hoc|iPhone.Build.0 = Release|Any CPU
		{EE6F1612-ED2A-441B-8E3C-D8617810BE40}.Ad-Hoc|iPhoneSimulator.ActiveCfg = Release|Any CPU
		{EE6F1612-ED2A-441B-8E3C-D8617810BE40}.Ad-Hoc|iPhoneSimulator.Build.0 = Release|Any CPU
		{EE6F1612-ED2A-441B-8E3C-D8617810BE40}.Ad-Hoc|x64.ActiveCfg = Release|Any CPU
		{EE6F1612-ED2A-441B-8E3C-D8617810BE40}.Ad-Hoc|x64.Build.0 = Release|Any CPU
		{EE6F1612-ED2A-441B-8E3C-D8617810BE40}.Ad-Hoc|x86.ActiveCfg = Release|Any CPU
		{EE6F1612-ED2A-441B-8E3C-D8617810BE40}.Ad-Hoc|x86.Build.0 = Release|Any CPU
		{EE6F1612-ED2A-441B-8E3C-D8617810BE40}.AppStore|Any CPU.ActiveCfg = Release|Any CPU
		{EE6F1612-ED2A-441B-8E3C-D8617810BE40}.AppStore|Any CPU.Build.0 = Release|Any CPU
		{EE6F1612-ED2A-441B-8E3C-D8617810BE40}.AppStore|ARM.ActiveCfg = Release|Any CPU
		{EE6F1612-ED2A-441B-8E3C-D8617810BE40}.AppStore|ARM.Build.0 = Release|Any CPU
		{EE6F1612-ED2A-441B-8E3C-D8617810BE40}.AppStore|iPhone.ActiveCfg = Release|Any CPU
		{EE6F1612-ED2A-441B-8E3C-D8617810BE40}.AppStore|iPhone.Build.0 = Release|Any CPU
		{EE6F1612-ED2A-441B-8E3C-D8617810BE40}.AppStore|iPhoneSimulator.ActiveCfg = Release|Any CPU
		{EE6F1612-ED2A-441B-8E3C-D8617810BE40}.AppStore|iPhoneSimulator.Build.0 = Release|Any CPU
		{EE6F1612-ED2A-441B-8E3C-D8617810BE40}.AppStore|x64.ActiveCfg = Release|Any CPU
		{EE6F1612-ED2A-441B-8E3C-D8617810BE40}.AppStore|x64.Build.0 = Release|Any CPU
		{EE6F1612-ED2A-441B-8E3C-D8617810BE40}.AppStore|x86.ActiveCfg = Release|Any CPU
		{EE6F1612-ED2A-441B-8E3C-D8617810BE40}.AppStore|x86.Build.0 = Release|Any CPU
		{EE6F1612-ED2A-441B-8E3C-D8617810BE40}.Debug|Any CPU.ActiveCfg = Debug|Any CPU
		{EE6F1612-ED2A-441B-8E3C-D8617810BE40}.Debug|Any CPU.Build.0 = Debug|Any CPU
		{EE6F1612-ED2A-441B-8E3C-D8617810BE40}.Debug|ARM.ActiveCfg = Debug|Any CPU
		{EE6F1612-ED2A-441B-8E3C-D8617810BE40}.Debug|ARM.Build.0 = Debug|Any CPU
		{EE6F1612-ED2A-441B-8E3C-D8617810BE40}.Debug|iPhone.ActiveCfg = Debug|Any CPU
		{EE6F1612-ED2A-441B-8E3C-D8617810BE40}.Debug|iPhone.Build.0 = Debug|Any CPU
		{EE6F1612-ED2A-441B-8E3C-D8617810BE40}.Debug|iPhoneSimulator.ActiveCfg = Debug|Any CPU
		{EE6F1612-ED2A-441B-8E3C-D8617810BE40}.Debug|iPhoneSimulator.Build.0 = Debug|Any CPU
		{EE6F1612-ED2A-441B-8E3C-D8617810BE40}.Debug|x64.ActiveCfg = Debug|Any CPU
		{EE6F1612-ED2A-441B-8E3C-D8617810BE40}.Debug|x64.Build.0 = Debug|Any CPU
		{EE6F1612-ED2A-441B-8E3C-D8617810BE40}.Debug|x86.ActiveCfg = Debug|Any CPU
		{EE6F1612-ED2A-441B-8E3C-D8617810BE40}.Debug|x86.Build.0 = Debug|Any CPU
		{EE6F1612-ED2A-441B-8E3C-D8617810BE40}.Release|Any CPU.ActiveCfg = Release|Any CPU
		{EE6F1612-ED2A-441B-8E3C-D8617810BE40}.Release|Any CPU.Build.0 = Release|Any CPU
		{EE6F1612-ED2A-441B-8E3C-D8617810BE40}.Release|ARM.ActiveCfg = Release|Any CPU
		{EE6F1612-ED2A-441B-8E3C-D8617810BE40}.Release|ARM.Build.0 = Release|Any CPU
		{EE6F1612-ED2A-441B-8E3C-D8617810BE40}.Release|iPhone.ActiveCfg = Release|Any CPU
		{EE6F1612-ED2A-441B-8E3C-D8617810BE40}.Release|iPhone.Build.0 = Release|Any CPU
		{EE6F1612-ED2A-441B-8E3C-D8617810BE40}.Release|iPhoneSimulator.ActiveCfg = Release|Any CPU
		{EE6F1612-ED2A-441B-8E3C-D8617810BE40}.Release|iPhoneSimulator.Build.0 = Release|Any CPU
		{EE6F1612-ED2A-441B-8E3C-D8617810BE40}.Release|x64.ActiveCfg = Release|Any CPU
		{EE6F1612-ED2A-441B-8E3C-D8617810BE40}.Release|x64.Build.0 = Release|Any CPU
		{EE6F1612-ED2A-441B-8E3C-D8617810BE40}.Release|x86.ActiveCfg = Release|Any CPU
		{EE6F1612-ED2A-441B-8E3C-D8617810BE40}.Release|x86.Build.0 = Release|Any CPU
	EndGlobalSection
	GlobalSection(SolutionProperties) = preSolution
		HideSolutionNode = FALSE
	EndGlobalSection
EndGlobal
